PODS:
  - AFNetworking (3.0.4):
    - AFNetworking/NSURLSession (= 3.0.4)
    - AFNetworking/Reachability (= 3.0.4)
    - AFNetworking/Security (= 3.0.4)
    - AFNetworking/Serialization (= 3.0.4)
    - AFNetworking/UIKit (= 3.0.4)
  - AFNetworking/NSURLSession (3.0.4):
    - AFNetworking/Reachability
    - AFNetworking/Security
    - AFNetworking/Serialization
  - AFNetworking/Reachability (3.0.4)
  - AFNetworking/Security (3.0.4)
  - AFNetworking/Serialization (3.0.4)
  - AFNetworking/UIKit (3.0.4):
    - AFNetworking/NSURLSession
  - GoogleMaps (1.13.2)
  - MONActivityIndicatorView (0.0.3)
  - MZAppearance (1.1.6)
  - MZFormSheetPresentationController (2.4.2):
    - MZAppearance

DEPENDENCIES:
  - AFNetworking (~> 3.0.0)
  - GoogleMaps (= 1.13.2)
  - MONActivityIndicatorView
  - MZFormSheetPresentationController

SPEC CHECKSUMS:
  AFNetworking: a0075feb321559dc78d9d85b55d11caa19eabb93
  GoogleMaps: b20a103ff307f58392e603cf142e59d7e30374c1
  MONActivityIndicatorView: a00611695de16d956b17d03be25ee49a8effc5f2
  MZAppearance: 0c06d3fa9cc55142f1da14bc8631fbe8fd6e19d5
  MZFormSheetPresentationController: c1dc3bce639d2393b3cc416fcb6e050eb5bca062

PODFILE CHECKSUM: 571ecfa422c8d7e15f83335f32548155f8223b36

COCOAPODS: 1.3.1
